
Microsoft Visual Studio Solution File, Format Version 12.00
# Visual Studio for Mac
Project("{FAE04EC0-301F-11D3-BF4B-00C04F79EFBC}") = "Assembly-CSharp", "Assembly-CSharp.csproj", "{2E501CE9-D127-285F-A405-5405909395DD}"
EndProject
Global
	GlobalSection(SolutionConfigurationPlatforms) = preSolution
		Debug|Any CPU = Debug|Any CPU
		Release|Any CPU = Release|Any CPU
	EndGlobalSection
	GlobalSection(ProjectConfigurationPlatforms) = postSolution
		{2E501CE9-D127-285F-A405-5405909395DD}.Debug|Any CPU.ActiveCfg = Debug|Any CPU
		{2E501CE9-D127-285F-A405-5405909395DD}.Debug|Any CPU.Build.0 = Debug|Any CPU
		{2E501CE9-D127-285F-A405-5405909395DD}.Release|Any CPU.ActiveCfg = Release|Any CPU
		{2E501CE9-D127-285F-A405-5405909395DD}.Release|Any CPU.Build.0 = Release|Any CPU
	EndGlobalSection
	GlobalSection(SolutionProperties) = preSolution
		HideSolutionNode = FALSE
	EndGlobalSection
EndGlobal
